
Microsoft Visual Studio Solution File, Format Version 12.00
# Visual Studio Version 16
VisualStudioVersion = 16.0.30907.101
MinimumVisualStudioVersion = 10.0.40219.1
Project("{FAE04EC0-301F-11D3-BF4B-00C04F79EFBC}") = "FormBot.Main", "FormBot.Main\FormBot.Main.csproj", "{07E4E9FA-7D2F-4344-8FB9-AD7699A17E14}"
	ProjectSection(ProjectDependencies) = postProject
		{FB19633D-1E02-4C8D-BC5C-C852BFA0CC07} = {FB19633D-1E02-4C8D-BC5C-C852BFA0CC07}
		{DEC1ABC8-72CD-4249-87F2-D38B0A81547E} = {DEC1ABC8-72CD-4249-87F2-D38B0A81547E}
	EndProjectSection
EndProject
Project("{FAE04EC0-301F-11D3-BF4B-00C04F79EFBC}") = "FormBot.Helper", "FormBot.Helper\FormBot.Helper.csproj", "{6D0EB98A-5D92-4EE6-A41A-EDA26964721E}"
EndProject
Project("{FAE04EC0-301F-11D3-BF4B-00C04F79EFBC}") = "FormBot.BAL", "FormBot.BAL\FormBot.BAL.csproj", "{356EEA47-AB4C-4892-9CFB-B452D2A791C1}"
	ProjectSection(ProjectDependencies) = postProject
		{6D0EB98A-5D92-4EE6-A41A-EDA26964721E} = {6D0EB98A-5D92-4EE6-A41A-EDA26964721E}
		{DEC1ABC8-72CD-4249-87F2-D38B0A81547E} = {DEC1ABC8-72CD-4249-87F2-D38B0A81547E}
	EndProjectSection
EndProject
Project("{FAE04EC0-301F-11D3-BF4B-00C04F79EFBC}") = "FormBot.DAL", "FormBot.DAL\FormBot.DAL.csproj", "{8CBC76B0-A943-40DD-BBDD-492E93AA1465}"
EndProject
Project("{FAE04EC0-301F-11D3-BF4B-00C04F79EFBC}") = "FormBot.Entity", "FormBot.Entity\FormBot.Entity.csproj", "{DEC1ABC8-72CD-4249-87F2-D38B0A81547E}"
	ProjectSection(ProjectDependencies) = postProject
		{6D0EB98A-5D92-4EE6-A41A-EDA26964721E} = {6D0EB98A-5D92-4EE6-A41A-EDA26964721E}
	EndProjectSection
EndProject
Project("{FAE04EC0-301F-11D3-BF4B-00C04F79EFBC}") = "FormBot.Email", "FormBot.Email\FormBot.Email.csproj", "{FB19633D-1E02-4C8D-BC5C-C852BFA0CC07}"
EndProject
Project("{FAE04EC0-301F-11D3-BF4B-00C04F79EFBC}") = "EmailWindowsService", "EmailWindowsService\EmailWindowsService.csproj", "{592DD524-6386-410B-9C0C-01529125E051}"
EndProject
Project("{FAE04EC0-301F-11D3-BF4B-00C04F79EFBC}") = "FormBot.WebAPI", "FormBot.WebAPI\FormBot.WebAPI.csproj", "{9F96FEA4-C2C0-46D1-8505-896AD5D9CC44}"
	ProjectSection(ProjectDependencies) = postProject
		{FB19633D-1E02-4C8D-BC5C-C852BFA0CC07} = {FB19633D-1E02-4C8D-BC5C-C852BFA0CC07}
		{356EEA47-AB4C-4892-9CFB-B452D2A791C1} = {356EEA47-AB4C-4892-9CFB-B452D2A791C1}
		{6D0EB98A-5D92-4EE6-A41A-EDA26964721E} = {6D0EB98A-5D92-4EE6-A41A-EDA26964721E}
		{8CBC76B0-A943-40DD-BBDD-492E93AA1465} = {8CBC76B0-A943-40DD-BBDD-492E93AA1465}
		{DEC1ABC8-72CD-4249-87F2-D38B0A81547E} = {DEC1ABC8-72CD-4249-87F2-D38B0A81547E}
	EndProjectSection
EndProject
Project("{FAE04EC0-301F-11D3-BF4B-00C04F79EFBC}") = "PriorityWindowService", "PriorityWindowService\PriorityWindowService.csproj", "{A8A9C8F0-2292-4456-A6FA-040B24C781C1}"
EndProject
Project("{FAE04EC0-301F-11D3-BF4B-00C04F79EFBC}") = "FormBot.VendorAPI", "FormBot.VendorAPI\FormBot.VendorAPI.csproj", "{7D2BDF87-91D6-4F9A-936D-9C5203ACE6EE}"
EndProject
Project("{FAE04EC0-301F-11D3-BF4B-00C04F79EFBC}") = "Formbot.SPV", "Formbot.SPV\Formbot.SPV.csproj", "{FFFB92F8-BDBE-4F94-B996-0952463691B1}"
EndProject
Project("{FAE04EC0-301F-11D3-BF4B-00C04F79EFBC}") = "Formbot.GreenbotSpvApi", "Formbot.GreenbotSpvApi\Formbot.GreenbotSpvApi.csproj", "{C6001B81-0EB8-4E47-A181-729716DC1A33}"
EndProject
Project("{FAE04EC0-301F-11D3-BF4B-00C04F79EFBC}") = "FormBot.SPVMain", "Formbot.SPVMain\FormBot.SPVMain.csproj", "{0AD29544-D041-4EC8-BBBD-54D1A2FDCC91}"
EndProject
Global
	GlobalSection(SolutionConfigurationPlatforms) = preSolution
		Debug|Any CPU = Debug|Any CPU
		Release|Any CPU = Release|Any CPU
	EndGlobalSection
	GlobalSection(ProjectConfigurationPlatforms) = postSolution
		{07E4E9FA-7D2F-4344-8FB9-AD7699A17E14}.Debug|Any CPU.ActiveCfg = Debug|Any CPU
		{07E4E9FA-7D2F-4344-8FB9-AD7699A17E14}.Debug|Any CPU.Build.0 = Debug|Any CPU
		{07E4E9FA-7D2F-4344-8FB9-AD7699A17E14}.Release|Any CPU.ActiveCfg = Release|Any CPU
		{07E4E9FA-7D2F-4344-8FB9-AD7699A17E14}.Release|Any CPU.Build.0 = Release|Any CPU
		{6D0EB98A-5D92-4EE6-A41A-EDA26964721E}.Debug|Any CPU.ActiveCfg = Debug|Any CPU
		{6D0EB98A-5D92-4EE6-A41A-EDA26964721E}.Debug|Any CPU.Build.0 = Debug|Any CPU
		{6D0EB98A-5D92-4EE6-A41A-EDA26964721E}.Release|Any CPU.ActiveCfg = Release|Any CPU
		{6D0EB98A-5D92-4EE6-A41A-EDA26964721E}.Release|Any CPU.Build.0 = Release|Any CPU
		{356EEA47-AB4C-4892-9CFB-B452D2A791C1}.Debug|Any CPU.ActiveCfg = Debug|Any CPU
		{356EEA47-AB4C-4892-9CFB-B452D2A791C1}.Debug|Any CPU.Build.0 = Debug|Any CPU
		{356EEA47-AB4C-4892-9CFB-B452D2A791C1}.Release|Any CPU.ActiveCfg = Release|Any CPU
		{356EEA47-AB4C-4892-9CFB-B452D2A791C1}.Release|Any CPU.Build.0 = Release|Any CPU
		{8CBC76B0-A943-40DD-BBDD-492E93AA1465}.Debug|Any CPU.ActiveCfg = Debug|Any CPU
		{8CBC76B0-A943-40DD-BBDD-492E93AA1465}.Debug|Any CPU.Build.0 = Debug|Any CPU
		{8CBC76B0-A943-40DD-BBDD-492E93AA1465}.Release|Any CPU.ActiveCfg = Release|Any CPU
		{8CBC76B0-A943-40DD-BBDD-492E93AA1465}.Release|Any CPU.Build.0 = Release|Any CPU
		{DEC1ABC8-72CD-4249-87F2-D38B0A81547E}.Debug|Any CPU.ActiveCfg = Debug|Any CPU
		{DEC1ABC8-72CD-4249-87F2-D38B0A81547E}.Debug|Any CPU.Build.0 = Debug|Any CPU
		{DEC1ABC8-72CD-4249-87F2-D38B0A81547E}.Release|Any CPU.ActiveCfg = Release|Any CPU
		{DEC1ABC8-72CD-4249-87F2-D38B0A81547E}.Release|Any CPU.Build.0 = Release|Any CPU
		{FB19633D-1E02-4C8D-BC5C-C852BFA0CC07}.Debug|Any CPU.ActiveCfg = Debug|Any CPU
		{FB19633D-1E02-4C8D-BC5C-C852BFA0CC07}.Debug|Any CPU.Build.0 = Debug|Any CPU
		{FB19633D-1E02-4C8D-BC5C-C852BFA0CC07}.Release|Any CPU.ActiveCfg = Release|Any CPU
		{FB19633D-1E02-4C8D-BC5C-C852BFA0CC07}.Release|Any CPU.Build.0 = Release|Any CPU
		{592DD524-6386-410B-9C0C-01529125E051}.Debug|Any CPU.ActiveCfg = Debug|Any CPU
		{592DD524-6386-410B-9C0C-01529125E051}.Debug|Any CPU.Build.0 = Debug|Any CPU
		{592DD524-6386-410B-9C0C-01529125E051}.Release|Any CPU.ActiveCfg = Release|Any CPU
		{592DD524-6386-410B-9C0C-01529125E051}.Release|Any CPU.Build.0 = Release|Any CPU
		{9F96FEA4-C2C0-46D1-8505-896AD5D9CC44}.Debug|Any CPU.ActiveCfg = Debug|Any CPU
		{9F96FEA4-C2C0-46D1-8505-896AD5D9CC44}.Debug|Any CPU.Build.0 = Debug|Any CPU
		{9F96FEA4-C2C0-46D1-8505-896AD5D9CC44}.Release|Any CPU.ActiveCfg = Release|Any CPU
		{9F96FEA4-C2C0-46D1-8505-896AD5D9CC44}.Release|Any CPU.Build.0 = Release|Any CPU
		{A8A9C8F0-2292-4456-A6FA-040B24C781C1}.Debug|Any CPU.ActiveCfg = Debug|Any CPU
		{A8A9C8F0-2292-4456-A6FA-040B24C781C1}.Debug|Any CPU.Build.0 = Debug|Any CPU
		{A8A9C8F0-2292-4456-A6FA-040B24C781C1}.Release|Any CPU.ActiveCfg = Release|Any CPU
		{A8A9C8F0-2292-4456-A6FA-040B24C781C1}.Release|Any CPU.Build.0 = Release|Any CPU
		{7D2BDF87-91D6-4F9A-936D-9C5203ACE6EE}.Debug|Any CPU.ActiveCfg = Debug|Any CPU
		{7D2BDF87-91D6-4F9A-936D-9C5203ACE6EE}.Debug|Any CPU.Build.0 = Debug|Any CPU
		{7D2BDF87-91D6-4F9A-936D-9C5203ACE6EE}.Release|Any CPU.ActiveCfg = Release|Any CPU
		{7D2BDF87-91D6-4F9A-936D-9C5203ACE6EE}.Release|Any CPU.Build.0 = Release|Any CPU
		{FFFB92F8-BDBE-4F94-B996-0952463691B1}.Debug|Any CPU.ActiveCfg = Debug|Any CPU
		{FFFB92F8-BDBE-4F94-B996-0952463691B1}.Debug|Any CPU.Build.0 = Debug|Any CPU
		{FFFB92F8-BDBE-4F94-B996-0952463691B1}.Release|Any CPU.ActiveCfg = Release|Any CPU
		{FFFB92F8-BDBE-4F94-B996-0952463691B1}.Release|Any CPU.Build.0 = Release|Any CPU
		{C6001B81-0EB8-4E47-A181-729716DC1A33}.Debug|Any CPU.ActiveCfg = Debug|Any CPU
		{C6001B81-0EB8-4E47-A181-729716DC1A33}.Debug|Any CPU.Build.0 = Debug|Any CPU
		{C6001B81-0EB8-4E47-A181-729716DC1A33}.Release|Any CPU.ActiveCfg = Release|Any CPU
		{C6001B81-0EB8-4E47-A181-729716DC1A33}.Release|Any CPU.Build.0 = Release|Any CPU
		{0AD29544-D041-4EC8-BBBD-54D1A2FDCC91}.Debug|Any CPU.ActiveCfg = Debug|Any CPU
		{0AD29544-D041-4EC8-BBBD-54D1A2FDCC91}.Debug|Any CPU.Build.0 = Debug|Any CPU
		{0AD29544-D041-4EC8-BBBD-54D1A2FDCC91}.Release|Any CPU.ActiveCfg = Release|Any CPU
		{0AD29544-D041-4EC8-BBBD-54D1A2FDCC91}.Release|Any CPU.Build.0 = Release|Any CPU
	EndGlobalSection
	GlobalSection(SolutionProperties) = preSolution
		HideSolutionNode = FALSE
	EndGlobalSection
	GlobalSection(ExtensibilityGlobals) = postSolution
		SolutionGuid = {A9BDC25E-CEE8-4113-9591-A7E2F13F35A7}
	EndGlobalSection
EndGlobal
